{
  "name": "discordjeopardy",
  "version": "1.0.0",
  "lockfileVersion": 1,
  "requires": true,
  "dependencies": {
    "async-limiter": {
      "version": "1.0.0",
      "resolved": "https://artifactory.aws.athenahealth.com:443/api/npm/npm/async-limiter/-/async-limiter-1.0.0.tgz",
      "integrity": "sha1-ePrtjD0HSrgfIrTphdeehzj3IPg="
    },
    "discord-akairo": {
      "version": "7.5.1",
      "resolved": "https://artifactory.aws.athenahealth.com:443/api/npm/npm/discord-akairo/-/discord-akairo-7.5.1.tgz",
      "integrity": "sha1-ze9KlXExaR6RikGqYaE34bL7MAo="
    },
    "discord.js": {
      "version": "11.2.1",
      "resolved": "https://artifactory.aws.athenahealth.com:443/api/npm/npm/discord.js/-/discord.js-11.2.1.tgz",
      "integrity": "sha1-v8D1qLY5jcNy0CblA1kmRkVgU/w=",
      "requires": {
        "long": "3.2.0",
        "prism-media": "0.0.1",
        "snekfetch": "3.6.1",
        "tweetnacl": "1.0.0",
        "ws": "3.3.3"
      }
    },
    "long": {
      "version": "3.2.0",
      "resolved": "https://artifactory.aws.athenahealth.com:443/api/npm/npm/long/-/long-3.2.0.tgz",
      "integrity": "sha1-2CG3E4yhy1gcFymQ7xTbIAtcR0s="
    },
    "prism-media": {
      "version": "0.0.1",
      "resolved": "https://artifactory.aws.athenahealth.com:443/api/npm/npm/prism-media/-/prism-media-0.0.1.tgz",
      "integrity": "sha1-o0JcnKvVDRxsAuVDlBoRiVZnvRA="
    },
    "safe-buffer": {
      "version": "5.1.1",
      "resolved": "https://artifactory.aws.athenahealth.com:443/api/npm/npm/safe-buffer/-/safe-buffer-5.1.1.tgz",
      "integrity": "sha1-iTMSr2myEj3vcfV4iQAWce6yyFM="
    },
    "snekfetch": {
      "version": "3.6.1",
      "resolved": "https://artifactory.aws.athenahealth.com:443/api/npm/npm/snekfetch/-/snekfetch-3.6.1.tgz",
      "integrity": "sha1-m3f6lGz6FccEGUBZOiaJ3FR0J+o="
    },
    "tweetnacl": {
      "version": "1.0.0",
      "resolved": "https://artifactory.aws.athenahealth.com:443/api/npm/npm/tweetnacl/-/tweetnacl-1.0.0.tgz",
      "integrity": "sha1-cT2LgY2kIGh0C/aDhtBHnmb8ins="
    },
    "ultron": {
      "version": "1.1.1",
      "resolved": "https://artifactory.aws.athenahealth.com:443/api/npm/npm/ultron/-/ultron-1.1.1.tgz",
      "integrity": "sha1-n+FTahCmZKZSZqHjzPhf02MCvJw="
    },
    "ws": {
      "version": "3.3.3",
      "resolved": "https://artifactory.aws.athenahealth.com:443/api/npm/npm/ws/-/ws-3.3.3.tgz",
      "integrity": "sha1-8c+E/i1ekB686U767OeF8YeiKPI=",
      "requires": {
        "async-limiter": "1.0.0",
        "safe-buffer": "5.1.1",
        "ultron": "1.1.1"
      }
    }
  }
}
